
Microsoft Visual Studio Solution File, Format Version 12.00
# Visual Studio Version 17
VisualStudioVersion = 17.0.31903.59
MinimumVisualStudioVersion = 10.0.40219.1
Project("{FAE04EC0-301F-11D3-BF4B-00C04F79EFBC}") = "RabbitMQ.Producer.Api", "RabbitMQ.Producer.Api\RabbitMQ.Producer.Api.csproj", "{EE5511BE-5114-41CA-ABCE-CF5CDB8C6D57}"
EndProject
Project("{FAE04EC0-301F-11D3-BF4B-00C04F79EFBC}") = "RabbitMQ.Consumer.Api", "RabbitMQ.Consumer.Api\RabbitMQ.Consumer.Api.csproj", "{47F98F2C-535A-4972-8D60-B95ED20B6928}"
EndProject
Project("{FAE04EC0-301F-11D3-BF4B-00C04F79EFBC}") = "RabbitMQ.Service.Bus", "RabbitMQ.Service.Bus\RabbitMQ.Service.Bus.csproj", "{BFEEEF63-A67C-453E-9647-7B2A095B243D}"
EndProject
Global
	GlobalSection(SolutionConfigurationPlatforms) = preSolution
		Debug|Any CPU = Debug|Any CPU
		Release|Any CPU = Release|Any CPU
	EndGlobalSection
	GlobalSection(ProjectConfigurationPlatforms) = postSolution
		{EE5511BE-5114-41CA-ABCE-CF5CDB8C6D57}.Debug|Any CPU.ActiveCfg = Debug|Any CPU
		{EE5511BE-5114-41CA-ABCE-CF5CDB8C6D57}.Debug|Any CPU.Build.0 = Debug|Any CPU
		{EE5511BE-5114-41CA-ABCE-CF5CDB8C6D57}.Release|Any CPU.ActiveCfg = Release|Any CPU
		{EE5511BE-5114-41CA-ABCE-CF5CDB8C6D57}.Release|Any CPU.Build.0 = Release|Any CPU
		{47F98F2C-535A-4972-8D60-B95ED20B6928}.Debug|Any CPU.ActiveCfg = Debug|Any CPU
		{47F98F2C-535A-4972-8D60-B95ED20B6928}.Debug|Any CPU.Build.0 = Debug|Any CPU
		{47F98F2C-535A-4972-8D60-B95ED20B6928}.Release|Any CPU.ActiveCfg = Release|Any CPU
		{47F98F2C-535A-4972-8D60-B95ED20B6928}.Release|Any CPU.Build.0 = Release|Any CPU
		{BFEEEF63-A67C-453E-9647-7B2A095B243D}.Debug|Any CPU.ActiveCfg = Debug|Any CPU
		{BFEEEF63-A67C-453E-9647-7B2A095B243D}.Debug|Any CPU.Build.0 = Debug|Any CPU
		{BFEEEF63-A67C-453E-9647-7B2A095B243D}.Release|Any CPU.ActiveCfg = Release|Any CPU
		{BFEEEF63-A67C-453E-9647-7B2A095B243D}.Release|Any CPU.Build.0 = Release|Any CPU
	EndGlobalSection
	GlobalSection(SolutionProperties) = preSolution
		HideSolutionNode = FALSE
	EndGlobalSection
EndGlobal
